
Microsoft Visual Studio Solution File, Format Version 12.00
# Visual Studio Version 17
VisualStudioVersion = 17.0.31903.59
MinimumVisualStudioVersion = 10.0.40219.1
Project("{FAE04EC0-301F-11D3-BF4B-00C04F79EFBC}") = "person-registry", "person-registry.csproj", "{3D340BE8-0AA4-4182-B988-4BC7CD87C143}"
EndProject
Global
	GlobalSection(SolutionConfigurationPlatforms) = preSolution
		Debug|Any CPU = Debug|Any CPU
		Release|Any CPU = Release|Any CPU
	EndGlobalSection
	GlobalSection(ProjectConfigurationPlatforms) = postSolution
		{3D340BE8-0AA4-4182-B988-4BC7CD87C143}.Debug|Any CPU.ActiveCfg = Debug|Any CPU
		{3D340BE8-0AA4-4182-B988-4BC7CD87C143}.Debug|Any CPU.Build.0 = Debug|Any CPU
		{3D340BE8-0AA4-4182-B988-4BC7CD87C143}.Release|Any CPU.ActiveCfg = Release|Any CPU
		{3D340BE8-0AA4-4182-B988-4BC7CD87C143}.Release|Any CPU.Build.0 = Release|Any CPU
	EndGlobalSection
	GlobalSection(SolutionProperties) = preSolution
		HideSolutionNode = FALSE
	EndGlobalSection
	GlobalSection(ExtensibilityGlobals) = postSolution
		SolutionGuid = {A5C0DF68-3CE0-4717-B3CB-70E078B1709A}
	EndGlobalSection
EndGlobal
